// !$*UTF8*$!
{
	archiveVersion = 1;
	classes = {
	};
	objectVersion = 77;
	objects = {

/* Begin PBXBuildFile section */
		1CC5A3A82F8B9A0400189BA2 /* Security.framework in Frameworks */ = {isa = PBXBuildFile; fileRef = 1CC5A3A72F8B9A0400189BA2 /* Security.framework */; };
/* End PBXBuildFile section */

/* Begin PBXContainerItemProxy section */
		1CC5A3762F8B0FC800189BA2 /* PBXContainerItemProxy */ = {
			isa = PBXContainerItemProxy;
			containerPortal = 1CC5A3522F8B0FC600189BA2 /* Project object */;
			proxyType = 1;
			remoteGlobalIDString = 1CC5A3592F8B0FC600189BA2;
			remoteInfo = "FB AdStats";
		};
		1CC5A3802F8B0FC800189BA2 /* PBXContainerItemProxy */ = {
			isa = PBXContainerItemProxy;
			containerPortal = 1CC5A3522F8B0FC600189BA2 /* Project object */;
			proxyType = 1;
			remoteGlobalIDString = 1CC5A3592F8B0FC600189BA2;
			remoteInfo = "FB AdStats";
		};
/* End PBXContainerItemProxy section */

/* Begin PBXFileReference section */
		1CC5A35A2F8B0FC600189BA2 /* FB AdStats.app */ = {isa = PBXFileReference; explicitFileType = wrapper.application; includeInIndex = 0; path = "FB AdStats.app"; sourceTree = BUILT_PRODUCTS_DIR; };
		1CC5A3752F8B0FC800189BA2 /* FB AdStatsTests.xctest */ = {isa = PBXFileReference; explicitFileType = wrapper.cfbundle; includeInIndex = 0; path = "FB AdStatsTests.xctest"; sourceTree = BUILT_PRODUCTS_DIR; };
		1CC5A37F2F8B0FC800189BA2 /* FB AdStatsUITests.xctest */ = {isa = PBXFileReference; explicitFileType = wrapper.cfbundle; includeInIndex = 0; path = "FB AdStatsUITests.xctest"; sourceTree = BUILT_PRODUCTS_DIR; };
		1CC5A3A72F8B9A0400189BA2 /* Security.framework */ = {isa = PBXFileReference; lastKnownFileType = wrapper.framework; name = Security.framework; path = System/Library/Frameworks/Security.framework; sourceTree = SDKROOT; };
/* End PBXFileReference section */

/* Begin PBXFileSystemSynchronizedBuildFileExceptionSet section */
		1CC5A3872F8B0FC800189BA2 /* Exceptions for "FB AdStats" folder in "FB AdStats" target */ = {
			isa = PBXFileSystemSynchronizedBuildFileExceptionSet;
			membershipExceptions = (
				Info.plist,
			);
			target = 1CC5A3592F8B0FC600189BA2 /* FB AdStats */;
		};
/* End PBXFileSystemSynchronizedBuildFileExceptionSet section */

/* Begin PBXFileSystemSynchronizedRootGroup section */
		1CC5A35C2F8B0FC600189BA2 /* FB AdStats */ = {
			isa = PBXFileSystemSynchronizedRootGroup;
			exceptions = (
				1CC5A3872F8B0FC800189BA2 /* Exceptions for "FB AdStats" folder in "FB AdStats" target */,
			);
			path = "FB AdStats";
			sourceTree = "<group>";
		};
		1CC5A3782F8B0FC800189BA2 /* FB AdStatsTests */ = {
			isa = PBXFileSystemSynchronizedRootGroup;
			path = "FB AdStatsTests";
			sourceTree = "<group>";
		};
		1CC5A3822F8B0FC800189BA2 /* FB AdStatsUITests */ = {
			isa = PBXFileSystemSynchronizedRootGroup;
			path = "FB AdStatsUITests";
			sourceTree = "<group>";
		};
/* End PBXFileSystemSynchronizedRootGroup section */

/* Begin PBXFrameworksBuildPhase section */
		1CC5A3572F8B0FC600189BA2 /* Frameworks */ = {
			isa = PBXFrameworksBuildPhase;
			buildActionMask = 2147483647;
			files = (
				1CC5A3A82F8B9A0400189BA2 /* Security.framework in Frameworks */,
			);
			runOnlyForDeploymentPostprocessing = 0;
		};
		1CC5A3722F8B0FC800189BA2 /* Frameworks */ = {
			isa = PBXFrameworksBuildPhase;
			buildActionMask = 2147483647;
			files = (
			);
			runOnlyForDeploymentPostprocessing = 0;
		};
		1CC5A37C2F8B0FC800189BA2 /* Frameworks */ = {
			isa = PBXFrameworksBuildPhase;
			buildActionMask = 2147483647;
			files = (
			);
			runOnlyForDeploymentPostprocessing = 0;
		};
/* End PBXFrameworksBuildPhase section */

/* Begin PBXGroup section */
		1CC5A3512F8B0FC600189BA2 = {
			isa = PBXGroup;
			children = (
				1CC5A35C2F8B0FC600189BA2 /* FB AdStats */,
				1CC5A3782F8B0FC800189BA2 /* FB AdStatsTests */,
				1CC5A3822F8B0FC800189BA2 /* FB AdStatsUITests */,
				1CC5A3A62F8B9A0300189BA2 /* Frameworks */,
				1CC5A35B2F8B0FC600189BA2 /* Products */,
			);
			sourceTree = "<group>";
		};
		1CC5A35B2F8B0FC600189BA2 /* Products */ = {
			isa = PBXGroup;
			children = (
				1CC5A35A2F8B0FC600189BA2 /* FB AdStats.app */,
				1CC5A3752F8B0FC800189BA2 /* FB AdStatsTests.xctest */,
				1CC5A37F2F8B0FC800189BA2 /* FB AdStatsUITests.xctest */,
			);
			name = Products;
			sourceTree = "<group>";
		};
		1CC5A3A62F8B9A0300189BA2 /* Frameworks */ = {
			isa = PBXGroup;
			children = (
				1CC5A3A72F8B9A0400189BA2 /* Security.framework */,
			);
			name = Frameworks;
			sourceTree = "<group>";
		};
/* End PBXGroup section */

/* Begin PBXNativeTarget section */
		1CC5A3592F8B0FC600189BA2 /* FB AdStats */ = {
			isa = PBXNativeTarget;
			buildConfigurationList = 1CC5A3882F8B0FC800189BA2 /* Build configuration list for PBXNativeTarget "FB AdStats" */;
			buildPhases = (
				1CC5A3562F8B0FC600189BA2 /* Sources */,
				1CC5A3572F8B0FC600189BA2 /* Frameworks */,
				1CC5A3582F8B0FC600189BA2 /* Resources */,
			);
			buildRules = (
			);
			dependencies = (
			);
			fileSystemSynchronizedGroups = (
				1CC5A35C2F8B0FC600189BA2 /* FB AdStats */,
			);
			name = "FB AdStats";
			packageProductDependencies = (
			);
			productName = "FB AdStats";
			productReference = 1CC5A35A2F8B0FC600189BA2 /* FB AdStats.app */;
			productType = "com.apple.product-type.application";
		};
		1CC5A3742F8B0FC800189BA2 /* FB AdStatsTests */ = {
			isa = PBXNativeTarget;
			buildConfigurationList = 1CC5A38D2F8B0FC800189BA2 /* Build configuration list for PBXNativeTarget "FB AdStatsTests" */;
			buildPhases = (
				1CC5A3712F8B0FC800189BA2 /* Sources */,
				1CC5A3722F8B0FC800189BA2 /* Frameworks */,
				1CC5A3732F8B0FC800189BA2 /* Resources */,
			);
			buildRules = (
			);
			dependencies = (
				1CC5A3772F8B0FC800189BA2 /* PBXTargetDependency */,
			);
			fileSystemSynchronizedGroups = (
				1CC5A3782F8B0FC800189BA2 /* FB AdStatsTests */,
			);
			name = "FB AdStatsTests";
			packageProductDependencies = (
			);
			productName = "FB AdStatsTests";
			productReference = 1CC5A3752F8B0FC800189BA2 /* FB AdStatsTests.xctest */;
			productType = "com.apple.product-type.bundle.unit-test";
		};
		1CC5A37E2F8B0FC800189BA2 /* FB AdStatsUITests */ = {
			isa = PBXNativeTarget;
			buildConfigurationList = 1CC5A3902F8B0FC800189BA2 /* Build configuration list for PBXNativeTarget "FB AdStatsUITests" */;
			buildPhases = (
				1CC5A37B2F8B0FC800189BA2 /* Sources */,
				1CC5A37C2F8B0FC800189BA2 /* Frameworks */,
				1CC5A37D2F8B0FC800189BA2 /* Resources */,
			);
			buildRules = (
			);
			dependencies = (
				1CC5A3812F8B0FC800189BA2 /* PBXTargetDependency */,
			);
			fileSystemSynchronizedGroups = (
				1CC5A3822F8B0FC800189BA2 /* FB AdStatsUITests */,
			);
			name = "FB AdStatsUITests";
			packageProductDependencies = (
			);
			productName = "FB AdStatsUITests";
			productReference = 1CC5A37F2F8B0FC800189BA2 /* FB AdStatsUITests.xctest */;
			productType = "com.apple.product-type.bundle.ui-testing";
		};
/* End PBXNativeTarget section */

/* Begin PBXProject section */
		1CC5A3522F8B0FC600189BA2 /* Project object */ = {
			isa = PBXProject;
			attributes = {
				BuildIndependentTargetsInParallel = 1;
				LastUpgradeCheck = 1640;
				TargetAttributes = {
					1CC5A3592F8B0FC600189BA2 = {
						CreatedOnToolsVersion = 16.4;
					};
					1CC5A3742F8B0FC800189BA2 = {
						CreatedOnToolsVersion = 16.4;
						TestTargetID = 1CC5A3592F8B0FC600189BA2;
					};
					1CC5A37E2F8B0FC800189BA2 = {
						CreatedOnToolsVersion = 16.4;
						TestTargetID = 1CC5A3592F8B0FC600189BA2;
					};
				};
			};
			buildConfigurationList = 1CC5A3552F8B0FC600189BA2 /* Build configuration list for PBXProject "FB AdStats" */;
			developmentRegion = en;
			hasScannedForEncodings = 0;
			knownRegions = (
				en,
				Base,
			);
			mainGroup = 1CC5A3512F8B0FC600189BA2;
			minimizedProjectReferenceProxies = 1;
			preferredProjectObjectVersion = 77;
			productRefGroup = 1CC5A35B2F8B0FC600189BA2 /* Products */;
			projectDirPath = "";
			projectRoot = "";
			targets = (
				1CC5A3592F8B0FC600189BA2 /* FB AdStats */,
				1CC5A3742F8B0FC800189BA2 /* FB AdStatsTests */,
				1CC5A37E2F8B0FC800189BA2 /* FB AdStatsUITests */,
			);
		};
/* End PBXProject section */

/* Begin PBXResourcesBuildPhase section */
		1CC5A3582F8B0FC600189BA2 /* Resources */ = {
			isa = PBXResourcesBuildPhase;
			buildActionMask = 2147483647;
			files = (
			);
			runOnlyForDeploymentPostprocessing = 0;
		};
		1CC5A3732F8B0FC800189BA2 /* Resources */ = {
			isa = PBXResourcesBuildPhase;
			buildActionMask = 2147483647;
			files = (
			);
			runOnlyForDeploymentPostprocessing = 0;
		};
		1CC5A37D2F8B0FC800189BA2 /* Resources */ = {
			isa = PBXResourcesBuildPhase;
			buildActionMask = 2147483647;
			files = (
			);
			runOnlyForDeploymentPostprocessing = 0;
		};
/* End PBXResourcesBuildPhase section */

/* Begin PBXSourcesBuildPhase section */
		1CC5A3562F8B0FC600189BA2 /* Sources */ = {
			isa = PBXSourcesBuildPhase;
			buildActionMask = 2147483647;
			files = (
			);
			runOnlyForDeploymentPostprocessing = 0;
		};
		1CC5A3712F8B0FC800189BA2 /* Sources */ = {
			isa = PBXSourcesBuildPhase;
			buildActionMask = 2147483647;
			files = (
			);
			runOnlyForDeploymentPostprocessing = 0;
		};
		1CC5A37B2F8B0FC800189BA2 /* Sources */ = {
			isa = PBXSourcesBuildPhase;
			buildActionMask = 2147483647;
			files = (
			);
			runOnlyForDeploymentPostprocessing = 0;
		};
/* End PBXSourcesBuildPhase section */

/* Begin PBXTargetDependency section */
		1CC5A3772F8B0FC800189BA2 /* PBXTargetDependency */ = {
			isa = PBXTargetDependency;
			target = 1CC5A3592F8B0FC600189BA2 /* FB AdStats */;
			targetProxy = 1CC5A3762F8B0FC800189BA2 /* PBXContainerItemProxy */;
		};
		1CC5A3812F8B0FC800189BA2 /* PBXTargetDependency */ = {
			isa = PBXTargetDependency;
			target = 1CC5A3592F8B0FC600189BA2 /* FB AdStats */;
			targetProxy = 1CC5A3802F8B0FC800189BA2 /* PBXContainerItemProxy */;
		};
/* End PBXTargetDependency section */

/* Begin XCBuildConfiguration section */
		1CC5A3892F8B0FC800189BA2 /* Debug */ = {
			isa = XCBuildConfiguration;
			buildSettings = {
				ASSETCATALOG_COMPILER_APPICON_NAME = AppIcon;
				ASSETCATALOG_COMPILER_GLOBAL_ACCENT_COLOR_NAME = AccentColor;
				CODE_SIGN_STYLE = Automatic;
				CURRENT_PROJECT_VERSION = 1;
				DEVELOPMENT_TEAM = LRJSUM634W;
				GENERATE_INFOPLIST_FILE = YES;
				INFOPLIST_FILE = "FB AdStats/Info.plist";
				INFOPLIST_KEY_UIApplicationSupportsIndirectInputEvents = YES;
				INFOPLIST_KEY_UILaunchStoryboardName = LaunchScreen;
				INFOPLIST_KEY_UIMainStoryboardFile = Main;
				INFOPLIST_KEY_UISupportedInterfaceOrientations_iPad = "UIInterfaceOrientationPortrait UIInterfaceOrientationPortraitUpsideDown UIInterfaceOrientationLandscapeLeft UIInterfaceOrientationLandscapeRight";
				INFOPLIST_KEY_UISupportedInterfaceOrientations_iPhone = "UIInterfaceOrientationPortrait UIInterfaceOrientationLandscapeLeft UIInterfaceOrientationLandscapeRight";
				LD_RUNPATH_SEARCH_PATHS = (
					"$(inherited)",
					"@executable_path/Frameworks",
				);
				MARKETING_VERSION = 1.0;
				PRODUCT_BUNDLE_IDENTIFIER = "com.test.FB-AdStats";
				PRODUCT_NAME = "$(TARGET_NAME)";
				SWIFT_EMIT_LOC_STRINGS = YES;
				TARGETED_DEVICE_FAMILY = "1,2";
			};
			name = Debug;
		};
		1CC5A38A2F8B0FC800189BA2 /* Release */ = {
			isa = XCBuildConfiguration;
			buildSettings = {
				ASSETCATALOG_COMPILER_APPICON_NAME = AppIcon;
				ASSETCATALOG_COMPILER_GLOBAL_ACCENT_COLOR_NAME = AccentColor;
				CODE_SIGN_STYLE = Automatic;
				CURRENT_PROJECT_VERSION = 1;
				DEVELOPMENT_TEAM = LRJSUM634W;
				GENERATE_INFOPLIST_FILE = YES;
				INFOPLIST_FILE = "FB AdStats/Info.plist";
				INFOPLIST_KEY_UIApplicationSupportsIndirectInputEvents = YES;
				INFOPLIST_KEY_UILaunchStoryboardName = LaunchScreen;
				INFOPLIST_KEY_UIMainStoryboardFile = Main;
				INFOPLIST_KEY_UISupportedInterfaceOrientations_iPad = "UIInterfaceOrientationPortrait UIInterfaceOrientationPortraitUpsideDown UIInterfaceOrientationLandscapeLeft UIInterfaceOrientationLandscapeRight";
				INFOPLIST_KEY_UISupportedInterfaceOrientations_iPhone = "UIInterfaceOrientationPortrait UIInterfaceOrientationLandscapeLeft UIInterfaceOrientationLandscapeRight";
				LD_RUNPATH_SEARCH_PATHS = (
					"$(inherited)",
					"@executable_path/Frameworks",
				);
				MARKETING_VERSION = 1.0;
				PRODUCT_BUNDLE_IDENTIFIER = "com.test.FB-AdStats";
				PRODUCT_NAME = "$(TARGET_NAME)";
				SWIFT_EMIT_LOC_STRINGS = YES;
				TARGETED_DEVICE_FAMILY = "1,2";
			};
			name = Release;
		};
		1CC5A38B2F8B0FC800189BA2 /* Debug */ = {
			isa = XCBuildConfiguration;
			buildSettings = {
				ALWAYS_SEARCH_USER_PATHS = NO;
				ASSETCATALOG_COMPILER_GENERATE_SWIFT_ASSET_SYMBOL_EXTENSIONS = YES;
				CLANG_ANALYZER_NONNULL = YES;
				CLANG_ANALYZER_NUMBER_OBJECT_CONVERSION = YES_AGGRESSIVE;
				CLANG_CXX_LANGUAGE_STANDARD = "gnu++20";
				CLANG_ENABLE_MODULES = YES;
				CLANG_ENABLE_OBJC_ARC = YES;
				CLANG_ENABLE_OBJC_WEAK = YES;
				CLANG_WARN_BLOCK_CAPTURE_AUTORELEASING = YES;
				CLANG_WARN_BOOL_CONVERSION = YES;
				CLANG_WARN_COMMA = YES;
				CLANG_WARN_CONSTANT_CONVERSION = YES;
				CLANG_WARN_DEPRECATED_OBJC_IMPLEMENTATIONS = YES;
				CLANG_WARN_DIRECT_OBJC_ISA_USAGE = YES_ERROR;
				CLANG_WARN_DOCUMENTATION_COMMENTS = YES;
				CLANG_WARN_EMPTY_BODY = YES;
				CLANG_WARN_ENUM_CONVERSION = YES;
				CLANG_WARN_INFINITE_RECURSION = YES;
				CLANG_WARN_INT_CONVERSION = YES;
				CLANG_WARN_NON_LITERAL_NULL_CONVERSION = YES;
				CLANG_WARN_OBJC_IMPLICIT_RETAIN_SELF = YES;
				CLANG_WARN_OBJC_LITERAL_CONVERSION = YES;
				CLANG_WARN_OBJC_ROOT_CLASS = YES_ERROR;
				CLANG_WARN_QUOTED_INCLUDE_IN_FRAMEWORK_HEADER = YES;
				CLANG_WARN_RANGE_LOOP_ANALYSIS = YES;
				CLANG_WARN_STRICT_PROTOTYPES = YES;
				CLANG_WARN_SUSPICIOUS_MOVE = YES;
				CLANG_WARN_UNGUARDED_AVAILABILITY = YES_AGGRESSIVE;
				CLANG_WARN_UNREACHABLE_CODE = YES;
				CLANG_WARN__DUPLICATE_METHOD_MATCH = YES;
				COPY_PHASE_STRIP = NO;
				DEBUG_INFORMATION_FORMAT = dwarf;
				ENABLE_STRICT_OBJC_MSGSEND = YES;
				ENABLE_TESTABILITY = YES;
				ENABLE_USER_SCRIPT_SANDBOXING = YES;
				GCC_C_LANGUAGE_STANDARD = gnu17;
				GCC_DYNAMIC_NO_PIC = NO;
				GCC_NO_COMMON_BLOCKS = YES;
				GCC_OPTIMIZATION_LEVEL = 0;
				GCC_PREPROCESSOR_DEFINITIONS = (
					"DEBUG=1",
					"$(inherited)",
				);
				GCC_WARN_64_TO_32_BIT_CONVERSION = YES;
				GCC_WARN_ABOUT_RETURN_TYPE = YES_ERROR;
				GCC_WARN_UNDECLARED_SELECTOR = YES;
				GCC_WARN_UNINITIALIZED_AUTOS = YES_AGGRESSIVE;
				GCC_WARN_UNUSED_FUNCTION = YES;
				GCC_WARN_UNUSED_VARIABLE = YES;
				IPHONEOS_DEPLOYMENT_TARGET = 18.5;
				LOCALIZATION_PREFERS_STRING_CATALOGS = YES;
				MTL_ENABLE_DEBUG_INFO = INCLUDE_SOURCE;
				MTL_FAST_MATH = YES;
				ONLY_ACTIVE_ARCH = YES;
				SDKROOT = iphoneos;
			};
			name = Debug;
		};
		1CC5A38C2F8B0FC800189BA2 /* Release */ = {
			isa = XCBuildConfiguration;
			buildSettings = {
				ALWAYS_SEARCH_USER_PATHS = NO;
				ASSETCATALOG_COMPILER_GENERATE_SWIFT_ASSET_SYMBOL_EXTENSIONS = YES;
				CLANG_ANALYZER_NONNULL = YES;
				CLANG_ANALYZER_NUMBER_OBJECT_CONVERSION = YES_AGGRESSIVE;
				CLANG_CXX_LANGUAGE_STANDARD = "gnu++20";
				CLANG_ENABLE_MODULES = YES;
				CLANG_ENABLE_OBJC_ARC = YES;
				CLANG_ENABLE_OBJC_WEAK = YES;
				CLANG_WARN_BLOCK_CAPTURE_AUTORELEASING = YES;
				CLANG_WARN_BOOL_CONVERSION = YES;
				CLANG_WARN_COMMA = YES;
				CLANG_WARN_CONSTANT_CONVERSION = YES;
				CLANG_WARN_DEPRECATED_OBJC_IMPLEMENTATIONS = YES;
				CLANG_WARN_DIRECT_OBJC_ISA_USAGE = YES_ERROR;
				CLANG_WARN_DOCUMENTATION_COMMENTS = YES;
				CLANG_WARN_EMPTY_BODY = YES;
				CLANG_WARN_ENUM_CONVERSION = YES;
				CLANG_WARN_INFINITE_RECURSION = YES;
				CLANG_WARN_INT_CONVERSION = YES;
				CLANG_WARN_NON_LITERAL_NULL_CONVERSION = YES;
				CLANG_WARN_OBJC_IMPLICIT_RETAIN_SELF = YES;
				CLANG_WARN_OBJC_LITERAL_CONVERSION = YES;
				CLANG_WARN_OBJC_ROOT_CLASS = YES_ERROR;
				CLANG_WARN_QUOTED_INCLUDE_IN_FRAMEWORK_HEADER = YES;
				CLANG_WARN_RANGE_LOOP_ANALYSIS = YES;
				CLANG_WARN_STRICT_PROTOTYPES = YES;
				CLANG_WARN_SUSPICIOUS_MOVE = YES;
				CLANG_WARN_UNGUARDED_AVAILABILITY = YES_AGGRESSIVE;
				CLANG_WARN_UNREACHABLE_CODE = YES;
				CLANG_WARN__DUPLICATE_METHOD_MATCH = YES;
				COPY_PHASE_STRIP = NO;
				DEBUG_INFORMATION_FORMAT = "dwarf-with-dsym";
				ENABLE_NS_ASSERTIONS = NO;
				ENABLE_STRICT_OBJC_MSGSEND = YES;
				ENABLE_USER_SCRIPT_SANDBOXING = YES;
				GCC_C_LANGUAGE_STANDARD = gnu17;
				GCC_NO_COMMON_BLOCKS = YES;
				GCC_WARN_64_TO_32_BIT_CONVERSION = YES;
				GCC_WARN_ABOUT_RETURN_TYPE = YES_ERROR;
				GCC_WARN_UNDECLARED_SELECTOR = YES;
				GCC_WARN_UNINITIALIZED_AUTOS = YES_AGGRESSIVE;
				GCC_WARN_UNUSED_FUNCTION = YES;
				GCC_WARN_UNUSED_VARIABLE = YES;
				IPHONEOS_DEPLOYMENT_TARGET = 18.5;
				LOCALIZATION_PREFERS_STRING_CATALOGS = YES;
				MTL_ENABLE_DEBUG_INFO = NO;
				MTL_FAST_MATH = YES;
				SDKROOT = iphoneos;
				VALIDATE_PRODUCT = YES;
			};
			name = Release;
		};
		1CC5A38E2F8B0FC800189BA2 /* Debug */ = {
			isa = XCBuildConfiguration;
			buildSettings = {
				BUNDLE_LOADER = "$(TEST_HOST)";
				CODE_SIGN_STYLE = Automatic;
				CURRENT_PROJECT_VERSION = 1;
				GENERATE_INFOPLIST_FILE = YES;
				IPHONEOS_DEPLOYMENT_TARGET = 18.5;
				MARKETING_VERSION = 1.0;
				PRODUCT_BUNDLE_IDENTIFIER = "com.test.FB-AdStatsTests";
				PRODUCT_NAME = "$(TARGET_NAME)";
				SWIFT_EMIT_LOC_STRINGS = NO;
				TARGETED_DEVICE_FAMILY = "1,2";
				TEST_HOST = "$(BUILT_PRODUCTS_DIR)/FB AdStats.app/$(BUNDLE_EXECUTABLE_FOLDER_PATH)/FB AdStats";
			};
			name = Debug;
		};
		1CC5A38F2F8B0FC800189BA2 /* Release */ = {
			isa = XCBuildConfiguration;
			buildSettings = {
				BUNDLE_LOADER = "$(TEST_HOST)";
				CODE_SIGN_STYLE = Automatic;
				CURRENT_PROJECT_VERSION = 1;
				GENERATE_INFOPLIST_FILE = YES;
				IPHONEOS_DEPLOYMENT_TARGET = 18.5;
				MARKETING_VERSION = 1.0;
				PRODUCT_BUNDLE_IDENTIFIER = "com.test.FB-AdStatsTests";
				PRODUCT_NAME = "$(TARGET_NAME)";
				SWIFT_EMIT_LOC_STRINGS = NO;
				TARGETED_DEVICE_FAMILY = "1,2";
				TEST_HOST = "$(BUILT_PRODUCTS_DIR)/FB AdStats.app/$(BUNDLE_EXECUTABLE_FOLDER_PATH)/FB AdStats";
			};
			name = Release;
		};
		1CC5A3912F8B0FC800189BA2 /* Debug */ = {
			isa = XCBuildConfiguration;
			buildSettings = {
				CODE_SIGN_STYLE = Automatic;
				CURRENT_PROJECT_VERSION = 1;
				GENERATE_INFOPLIST_FILE = YES;
				MARKETING_VERSION = 1.0;
				PRODUCT_BUNDLE_IDENTIFIER = "com.test.FB-AdStatsUITests";
				PRODUCT_NAME = "$(TARGET_NAME)";
				SWIFT_EMIT_LOC_STRINGS = NO;
				TARGETED_DEVICE_FAMILY = "1,2";
				TEST_TARGET_NAME = "FB AdStats";
			};
			name = Debug;
		};
		1CC5A3922F8B0FC800189BA2 /* Release */ = {
			isa = XCBuildConfiguration;
			buildSettings = {
				CODE_SIGN_STYLE = Automatic;
				CURRENT_PROJECT_VERSION = 1;
				GENERATE_INFOPLIST_FILE = YES;
				MARKETING_VERSION = 1.0;
				PRODUCT_BUNDLE_IDENTIFIER = "com.test.FB-AdStatsUITests";
				PRODUCT_NAME = "$(TARGET_NAME)";
				SWIFT_EMIT_LOC_STRINGS = NO;
				TARGETED_DEVICE_FAMILY = "1,2";
				TEST_TARGET_NAME = "FB AdStats";
			};
			name = Release;
		};
/* End XCBuildConfiguration section */

/* Begin XCConfigurationList section */
		1CC5A3552F8B0FC600189BA2 /* Build configuration list for PBXProject "FB AdStats" */ = {
			isa = XCConfigurationList;
			buildConfigurations = (
				1CC5A38B2F8B0FC800189BA2 /* Debug */,
				1CC5A38C2F8B0FC800189BA2 /* Release */,
			);
			defaultConfigurationIsVisible = 0;
			defaultConfigurationName = Release;
		};
		1CC5A3882F8B0FC800189BA2 /* Build configuration list for PBXNativeTarget "FB AdStats" */ = {
			isa = XCConfigurationList;
			buildConfigurations = (
				1CC5A3892F8B0FC800189BA2 /* Debug */,
				1CC5A38A2F8B0FC800189BA2 /* Release */,
			);
			defaultConfigurationIsVisible = 0;
			defaultConfigurationName = Release;
		};
		1CC5A38D2F8B0FC800189BA2 /* Build configuration list for PBXNativeTarget "FB AdStatsTests" */ = {
			isa = XCConfigurationList;
			buildConfigurations = (
				1CC5A38E2F8B0FC800189BA2 /* Debug */,
				1CC5A38F2F8B0FC800189BA2 /* Release */,
			);
			defaultConfigurationIsVisible = 0;
			defaultConfigurationName = Release;
		};
		1CC5A3902F8B0FC800189BA2 /* Build configuration list for PBXNativeTarget "FB AdStatsUITests" */ = {
			isa = XCConfigurationList;
			buildConfigurations = (
				1CC5A3912F8B0FC800189BA2 /* Debug */,
				1CC5A3922F8B0FC800189BA2 /* Release */,
			);
			defaultConfigurationIsVisible = 0;
			defaultConfigurationName = Release;
		};
/* End XCConfigurationList section */
	};
	rootObject = 1CC5A3522F8B0FC600189BA2 /* Project object */;
}
